github.com/Causevest/base58 v0.0.0-20241203021110-8b77504377cb h1:BY1tlsJvg8jXobTTDxyKOMQbzbx7qSYLK0yXRt9e8qc=
github.com/Causevest/base58 v0.0.0-20241203021110-8b77504377cb/go.mod h1:+uDJgyQgutLBnjv6egcLuQKgp4HJpRxzLfHBSiAbA+8=
github.com/Causevest/secp256k1 v0.0.0-20241203060356-408ad2ecc9a0 h1:UzMtzAYxFFcT/GzIGFXSPN9ag//AOubC9Bs5LNKBgns=
github.com/Causevest/secp256k1 v0.0.0-20241203060356-408ad2ecc9a0/go.mod h1:VF4RtKQChLuw9NzJJ6Z0a1/C7F25Xzaf12Uo43RyX+o=
github.com/Causevest/xcvec v0.0.0-20241203070320-179789b3a378 h1:NZUbMUqv5+MV2648d6hc2yGufNi9YSSFDacW166ey8I=
github.com/Causevest/xcvec v0.0.0-20241203070320-179789b3a378/go.mod h1:fZ0lm/RvHvPc9OcuIk5k+/1nP/GDAy6Y7+8j6qLeIB0=
github.com/Causevest/xcvec/chainhash v0.0.0-20241203070320-179789b3a378 h1:PZC920C+4xrc1UmE/YFziTciKOMprR7xOvEdwbLmPhs=
github.com/Causevest/xcvec/chainhash v0.0.0-20241203070320-179789b3a378/go.mod h1:bs0srUpcNnbRWEMHLMhJOac0NohFWAeQRsKJ+zfI7sY=
github.com/davecgh/go-spew v1.1.1 h1:vj9j/u1bqnvCEfJOwUhtlOARqs3+rkHYY13jYWTU97c=
github.com/davecgh/go-spew v1.1.1/go.mod h1:J7Y8YcW2NihsgmVo/mv3lAwl/skON4iLHjSsI+c5H38=
github.com/klauspost/cpuid/v2 v2.0.9 h1:lgaqFMSdTdQYdZ04uHyN2d/eKdOMyi2YLSvlQIBFYa4=
github.com/klauspost/cpuid/v2 v2.0.9/go.mod h1:FInQzS24/EEf25PyTYn52gqo7WaD8xa0213Md/qVLRg=
lukechampine.com/blake3 v1.4.1 h1:I3Smz7gso8w4/TunLKec6K2fn+kyKtDxr/xcQEN84Wg=
lukechampine.com/blake3 v1.4.1/go.mod h1:QFosUxmjB8mnrWFSNwKmvxHpfY72bmD2tQ0kBMM3kwo=
